// !$*UTF8*$!
{
	archiveVersion = 1;
	classes = {
	};
	objectVersion = 46;
	objects = {

/* Begin PBXBuildFile section */
		2D2AFB361AAAD60000A853F9 /* AppDelegate.swift in Sources */ = {isa = PBXBuildFile; fileRef = 2D2AFB351AAAD60000A853F9 /* AppDelegate.swift */; };
		2D2AFB3D1AAAD60000A853F9 /* Images.xcassets in Resources */ = {isa = PBXBuildFile; fileRef = 2D2AFB3C1AAAD60000A853F9 /* Images.xcassets */; };
		2D2AFB401AAAD60000A853F9 /* LaunchScreen.xib in Resources */ = {isa = PBXBuildFile; fileRef = 2D2AFB3E1AAAD60000A853F9 /* LaunchScreen.xib */; };
		2D2AFB4C1AAAD60000A853F9 /* SmashTagTests.swift in Sources */ = {isa = PBXBuildFile; fileRef = 2D2AFB4B1AAAD60000A853F9 /* SmashTagTests.swift */; };
/* End PBXBuildFile section */

/* Begin PBXContainerItemProxy section */
		2D2AFB461AAAD60000A853F9 /* PBXContainerItemProxy */ = {
			isa = PBXContainerItemProxy;
			containerPortal = 2D2AFB281AAAD60000A853F9 /* Project object */;
			proxyType = 1;
			remoteGlobalIDString = 2D2AFB2F1AAAD60000A853F9;
			remoteInfo = SmashTag;
		};
/* End PBXContainerItemProxy section */

/* Begin PBXFileReference section */
		2D2AFB301AAAD60000A853F9 /* SmashTag.app */ = {isa = PBXFileReference; explicitFileType = wrapper.application; includeInIndex = 0; path = SmashTag.app; sourceTree = BUILT_PRODUCTS_DIR; };
		2D2AFB341AAAD60000A853F9 /* Info.plist */ = {isa = PBXFileReference; lastKnownFileType = text.plist.xml; path = Info.plist; sourceTree = "<group>"; };
		2D2AFB351AAAD60000A853F9 /* AppDelegate.swift */ = {isa = PBXFileReference; lastKnownFileType = sourcecode.swift; path = AppDelegate.swift; sourceTree = "<group>"; };
		2D2AFB3C1AAAD60000A853F9 /* Images.xcassets */ = {isa = PBXFileReference; lastKnownFileType = folder.assetcatalog; path = Images.xcassets; sourceTree = "<group>"; };
		2D2AFB3F1AAAD60000A853F9 /* Base */ = {isa = PBXFileReference; lastKnownFileType = file.xib; name = Base; path = Base.lproj/LaunchScreen.xib; sourceTree = "<group>"; };
		2D2AFB451AAAD60000A853F9 /* SmashTagTests.xctest */ = {isa = PBXFileReference; explicitFileType = wrapper.cfbundle; includeInIndex = 0; path = SmashTagTests.xctest; sourceTree = BUILT_PRODUCTS_DIR; };
		2D2AFB4A1AAAD60000A853F9 /* Info.plist */ = {isa = PBXFileReference; lastKnownFileType = text.plist.xml; path = Info.plist; sourceTree = "<group>"; };
		2D2AFB4B1AAAD60000A853F9 /* SmashTagTests.swift */ = {isa = PBXFileReference; lastKnownFileType = sourcecode.swift; path = SmashTagTests.swift; sourceTree = "<group>"; };
/* End PBXFileReference section */

/* Begin PBXFrameworksBuildPhase section */
		2D2AFB2D1AAAD60000A853F9 /* Frameworks */ = {
			isa = PBXFrameworksBuildPhase;
			buildActionMask = 2147483647;
			files = (
			);
			runOnlyForDeploymentPostprocessing = 0;
		};
		2D2AFB421AAAD60000A853F9 /* Frameworks */ = {
			isa = PBXFrameworksBuildPhase;
			buildActionMask = 2147483647;
			files = (
			);
			runOnlyForDeploymentPostprocessing = 0;
		};
/* End PBXFrameworksBuildPhase section */

/* Begin PBXGroup section */
		2D2AFB271AAAD60000A853F9 = {
			isa = PBXGroup;
			children = (
				2D2AFB321AAAD60000A853F9 /* SmashTag */,
				2D2AFB481AAAD60000A853F9 /* SmashTagTests */,
				2D2AFB311AAAD60000A853F9 /* Products */,
			);
			sourceTree = "<group>";
		};
		2D2AFB311AAAD60000A853F9 /* Products */ = {
			isa = PBXGroup;
			children = (
				2D2AFB301AAAD60000A853F9 /* SmashTag.app */,
				2D2AFB451AAAD60000A853F9 /* SmashTagTests.xctest */,
			);
			name = Products;
			sourceTree = "<group>";
		};
		2D2AFB321AAAD60000A853F9 /* SmashTag */ = {
			isa = PBXGroup;
			children = (
				2D2AFB351AAAD60000A853F9 /* AppDelegate.swift */,
				2D2AFB331AAAD60000A853F9 /* Supporting Files */,
			);
			path = SmashTag;
			sourceTree = "<group>";
		};
		2D2AFB331AAAD60000A853F9 /* Supporting Files */ = {
			isa = PBXGroup;
			children = (
				2D2AFB3C1AAAD60000A853F9 /* Images.xcassets */,
				2D2AFB3E1AAAD60000A853F9 /* LaunchScreen.xib */,
				2D2AFB341AAAD60000A853F9 /* Info.plist */,
			);
			name = "Supporting Files";
			sourceTree = "<group>";
		};
		2D2AFB481AAAD60000A853F9 /* SmashTagTests */ = {
			isa = PBXGroup;
			children = (
				2D2AFB4B1AAAD60000A853F9 /* SmashTagTests.swift */,
				2D2AFB491AAAD60000A853F9 /* Supporting Files */,
			);
			path = SmashTagTests;
			sourceTree = "<group>";
		};
		2D2AFB491AAAD60000A853F9 /* Supporting Files */ = {
			isa = PBXGroup;
			children = (
				2D2AFB4A1AAAD60000A853F9 /* Info.plist */,
			);
			name = "Supporting Files";
			sourceTree = "<group>";
		};
/* End PBXGroup section */

/* Begin PBXNativeTarget section */
		2D2AFB2F1AAAD60000A853F9 /* SmashTag */ = {
			isa = PBXNativeTarget;
			buildConfigurationList = 2D2AFB4F1AAAD60000A853F9 /* Build configuration list for PBXNativeTarget "SmashTag" */;
			buildPhases = (
				2D2AFB2C1AAAD60000A853F9 /* Sources */,
				2D2AFB2D1AAAD60000A853F9 /* Frameworks */,
				2D2AFB2E1AAAD60000A853F9 /* Resources */,
			);
			buildRules = (
			);
			dependencies = (
			);
			name = SmashTag;
			productName = SmashTag;
			productReference = 2D2AFB301AAAD60000A853F9 /* SmashTag.app */;
			productType = "com.apple.product-type.application";
		};
		2D2AFB441AAAD60000A853F9 /* SmashTagTests */ = {
			isa = PBXNativeTarget;
			buildConfigurationList = 2D2AFB521AAAD60000A853F9 /* Build configuration list for PBXNativeTarget "SmashTagTests" */;
			buildPhases = (
				2D2AFB411AAAD60000A853F9 /* Sources */,
				2D2AFB421AAAD60000A853F9 /* Frameworks */,
				2D2AFB431AAAD60000A853F9 /* Resources */,
			);
			buildRules = (
			);
			dependencies = (
				2D2AFB471AAAD60000A853F9 /* PBXTargetDependency */,
			);
			name = SmashTagTests;
			productName = SmashTagTests;
			productReference = 2D2AFB451AAAD60000A853F9 /* SmashTagTests.xctest */;
			productType = "com.apple.product-type.bundle.unit-test";
		};
/* End PBXNativeTarget section */

/* Begin PBXProject section */
		2D2AFB281AAAD60000A853F9 /* Project object */ = {
			isa = PBXProject;
			attributes = {
				LastUpgradeCheck = 0610;
				ORGANIZATIONNAME = "rocket-raccoon";
				TargetAttributes = {
					2D2AFB2F1AAAD60000A853F9 = {
						CreatedOnToolsVersion = 6.1.1;
					};
					2D2AFB441AAAD60000A853F9 = {
						CreatedOnToolsVersion = 6.1.1;
						TestTargetID = 2D2AFB2F1AAAD60000A853F9;
					};
				};
			};
			buildConfigurationList = 2D2AFB2B1AAAD60000A853F9 /* Build configuration list for PBXProject "SmashTag" */;
			compatibilityVersion = "Xcode 3.2";
			developmentRegion = English;
			hasScannedForEncodings = 0;
			knownRegions = (
				en,
				Base,
			);
			mainGroup = 2D2AFB271AAAD60000A853F9;
			productRefGroup = 2D2AFB311AAAD60000A853F9 /* Products */;
			projectDirPath = "";
			projectRoot = "";
			targets = (
				2D2AFB2F1AAAD60000A853F9 /* SmashTag */,
				2D2AFB441AAAD60000A853F9 /* SmashTagTests */,
			);
		};
/* End PBXProject section */

/* Begin PBXResourcesBuildPhase section */
		2D2AFB2E1AAAD60000A853F9 /* Resources */ = {
			isa = PBXResourcesBuildPhase;
			buildActionMask = 2147483647;
			files = (
				2D2AFB401AAAD60000A853F9 /* LaunchScreen.xib in Resources */,
				2D2AFB3D1AAAD60000A853F9 /* Images.xcassets in Resources */,
			);
			runOnlyForDeploymentPostprocessing = 0;
		};
		2D2AFB431AAAD60000A853F9 /* Resources */ = {
			isa = PBXResourcesBuildPhase;
			buildActionMask = 2147483647;
			files = (
			);
			runOnlyForDeploymentPostprocessing = 0;
		};
/* End PBXResourcesBuildPhase section */

/* Begin PBXSourcesBuildPhase section */
		2D2AFB2C1AAAD60000A853F9 /* Sources */ = {
			isa = PBXSourcesBuildPhase;
			buildActionMask = 2147483647;
			files = (
				2D2AFB361AAAD60000A853F9 /* AppDelegate.swift in Sources */,
			);
			runOnlyForDeploymentPostprocessing = 0;
		};
		2D2AFB411AAAD60000A853F9 /* Sources */ = {
			isa = PBXSourcesBuildPhase;
			buildActionMask = 2147483647;
			files = (
				2D2AFB4C1AAAD60000A853F9 /* SmashTagTests.swift in Sources */,
			);
			runOnlyForDeploymentPostprocessing = 0;
		};
/* End PBXSourcesBuildPhase section */

/* Begin PBXTargetDependency section */
		2D2AFB471AAAD60000A853F9 /* PBXTargetDependency */ = {
			isa = PBXTargetDependency;
			target = 2D2AFB2F1AAAD60000A853F9 /* SmashTag */;
			targetProxy = 2D2AFB461AAAD60000A853F9 /* PBXContainerItemProxy */;
		};
/* End PBXTargetDependency section */

/* Begin PBXVariantGroup section */
		2D2AFB3E1AAAD60000A853F9 /* LaunchScreen.xib */ = {
			isa = PBXVariantGroup;
			children = (
				2D2AFB3F1AAAD60000A853F9 /* Base */,
			);
			name = LaunchScreen.xib;
			sourceTree = "<group>";
		};
/* End PBXVariantGroup section */

/* Begin XCBuildConfiguration section */
		2D2AFB4D1AAAD60000A853F9 /* Debug */ = {
			isa = XCBuildConfiguration;
			buildSettings = {
				ALWAYS_SEARCH_USER_PATHS = NO;
				CLANG_CXX_LANGUAGE_STANDARD = "gnu++0x";
				CLANG_CXX_LIBRARY = "libc++";
				CLANG_ENABLE_MODULES = YES;
				CLANG_ENABLE_OBJC_ARC = YES;
				CLANG_WARN_BOOL_CONVERSION = YES;
				CLANG_WARN_CONSTANT_CONVERSION = YES;
				CLANG_WARN_DIRECT_OBJC_ISA_USAGE = YES_ERROR;
				CLANG_WARN_EMPTY_BODY = YES;
				CLANG_WARN_ENUM_CONVERSION = YES;
				CLANG_WARN_INT_CONVERSION = YES;
				CLANG_WARN_OBJC_ROOT_CLASS = YES_ERROR;
				CLANG_WARN_UNREACHABLE_CODE = YES;
				CLANG_WARN__DUPLICATE_METHOD_MATCH = YES;
				"CODE_SIGN_IDENTITY[sdk=iphoneos*]" = "iPhone Developer";
				COPY_PHASE_STRIP = NO;
				ENABLE_STRICT_OBJC_MSGSEND = YES;
				GCC_C_LANGUAGE_STANDARD = gnu99;
				GCC_DYNAMIC_NO_PIC = NO;
				GCC_OPTIMIZATION_LEVEL = 0;
				GCC_PREPROCESSOR_DEFINITIONS = (
					"DEBUG=1",
					"$(inherited)",
				);
				GCC_SYMBOLS_PRIVATE_EXTERN = NO;
				GCC_WARN_64_TO_32_BIT_CONVERSION = YES;
				GCC_WARN_ABOUT_RETURN_TYPE = YES_ERROR;
				GCC_WARN_UNDECLARED_SELECTOR = YES;
				GCC_WARN_UNINITIALIZED_AUTOS = YES_AGGRESSIVE;
				GCC_WARN_UNUSED_FUNCTION = YES;
				GCC_WARN_UNUSED_VARIABLE = YES;
				IPHONEOS_DEPLOYMENT_TARGET = 8.1;
				MTL_ENABLE_DEBUG_INFO = YES;
				ONLY_ACTIVE_ARCH = YES;
				SDKROOT = iphoneos;
				SWIFT_OPTIMIZATION_LEVEL = "-Onone";
				TARGETED_DEVICE_FAMILY = "1,2";
			};
			name = Debug;
		};
		2D2AFB4E1AAAD60000A853F9 /* Release */ = {
			isa = XCBuildConfiguration;
			buildSettings = {
				ALWAYS_SEARCH_USER_PATHS = NO;
				CLANG_CXX_LANGUAGE_STANDARD = "gnu++0x";
				CLANG_CXX_LIBRARY = "libc++";
				CLANG_ENABLE_MODULES = YES;
				CLANG_ENABLE_OBJC_ARC = YES;
				CLANG_WARN_BOOL_CONVERSION = YES;
				CLANG_WARN_CONSTANT_CONVERSION = YES;
				CLANG_WARN_DIRECT_OBJC_ISA_USAGE = YES_ERROR;
				CLANG_WARN_EMPTY_BODY = YES;
				CLANG_WARN_ENUM_CONVERSION = YES;
				CLANG_WARN_INT_CONVERSION = YES;
				CLANG_WARN_OBJC_ROOT_CLASS = YES_ERROR;
				CLANG_WARN_UNREACHABLE_CODE = YES;
				CLANG_WARN__DUPLICATE_METHOD_MATCH = YES;
				"CODE_SIGN_IDENTITY[sdk=iphoneos*]" = "iPhone Developer";
				COPY_PHASE_STRIP = YES;
				ENABLE_NS_ASSERTIONS = NO;
				ENABLE_STRICT_OBJC_MSGSEND = YES;
				GCC_C_LANGUAGE_STANDARD = gnu99;
				GCC_WARN_64_TO_32_BIT_CONVERSION = YES;
				GCC_WARN_ABOUT_RETURN_TYPE = YES_ERROR;
				GCC_WARN_UNDECLARED_SELECTOR = YES;
				GCC_WARN_UNINITIALIZED_AUTOS = YES_AGGRESSIVE;
				GCC_WARN_UNUSED_FUNCTION = YES;
				GCC_WARN_UNUSED_VARIABLE = YES;
				IPHONEOS_DEPLOYMENT_TARGET = 8.1;
				MTL_ENABLE_DEBUG_INFO = NO;
				SDKROOT = iphoneos;
				TARGETED_DEVICE_FAMILY = "1,2";
				VALIDATE_PRODUCT = YES;
			};
			name = Release;
		};
		2D2AFB501AAAD60000A853F9 /* Debug */ = {
			isa = XCBuildConfiguration;
			buildSettings = {
				ASSETCATALOG_COMPILER_APPICON_NAME = AppIcon;
				INFOPLIST_FILE = SmashTag/Info.plist;
				LD_RUNPATH_SEARCH_PATHS = "$(inherited) @executable_path/Frameworks";
				PRODUCT_NAME = "$(TARGET_NAME)";
			};
			name = Debug;
		};
		2D2AFB511AAAD60000A853F9 /* Release */ = {
			isa = XCBuildConfiguration;
			buildSettings = {
				ASSETCATALOG_COMPILER_APPICON_NAME = AppIcon;
				INFOPLIST_FILE = SmashTag/Info.plist;
				LD_RUNPATH_SEARCH_PATHS = "$(inherited) @executable_path/Frameworks";
				PRODUCT_NAME = "$(TARGET_NAME)";
			};
			name = Release;
		};
		2D2AFB531AAAD60000A853F9 /* Debug */ = {
			isa = XCBuildConfiguration;
			buildSettings = {
				BUNDLE_LOADER = "$(TEST_HOST)";
				FRAMEWORK_SEARCH_PATHS = (
					"$(SDKROOT)/Developer/Library/Frameworks",
					"$(inherited)",
				);
				GCC_PREPROCESSOR_DEFINITIONS = (
					"DEBUG=1",
					"$(inherited)",
				);
				INFOPLIST_FILE = SmashTagTests/Info.plist;
				LD_RUNPATH_SEARCH_PATHS = "$(inherited) @executable_path/Frameworks @loader_path/Frameworks";
				PRODUCT_NAME = "$(TARGET_NAME)";
				TEST_HOST = "$(BUILT_PRODUCTS_DIR)/SmashTag.app/SmashTag";
			};
			name = Debug;
		};
		2D2AFB541AAAD60000A853F9 /* Release */ = {
			isa = XCBuildConfiguration;
			buildSettings = {
				BUNDLE_LOADER = "$(TEST_HOST)";
				FRAMEWORK_SEARCH_PATHS = (
					"$(SDKROOT)/Developer/Library/Frameworks",
					"$(inherited)",
				);
				INFOPLIST_FILE = SmashTagTests/Info.plist;
				LD_RUNPATH_SEARCH_PATHS = "$(inherited) @executable_path/Frameworks @loader_path/Frameworks";
				PRODUCT_NAME = "$(TARGET_NAME)";
				TEST_HOST = "$(BUILT_PRODUCTS_DIR)/SmashTag.app/SmashTag";
			};
			name = Release;
		};
/* End XCBuildConfiguration section */

/* Begin XCConfigurationList section */
		2D2AFB2B1AAAD60000A853F9 /* Build configuration list for PBXProject "SmashTag" */ = {
			isa = XCConfigurationList;
			buildConfigurations = (
				2D2AFB4D1AAAD60000A853F9 /* Debug */,
				2D2AFB4E1AAAD60000A853F9 /* Release */,
			);
			defaultConfigurationIsVisible = 0;
			defaultConfigurationName = Release;
		};
		2D2AFB4F1AAAD60000A853F9 /* Build configuration list for PBXNativeTarget "SmashTag" */ = {
			isa = XCConfigurationList;
			buildConfigurations = (
				2D2AFB501AAAD60000A853F9 /* Debug */,
				2D2AFB511AAAD60000A853F9 /* Release */,
			);
			defaultConfigurationIsVisible = 0;
			defaultConfigurationName = Release;
		};
		2D2AFB521AAAD60000A853F9 /* Build configuration list for PBXNativeTarget "SmashTagTests" */ = {
			isa = XCConfigurationList;
			buildConfigurations = (
				2D2AFB531AAAD60000A853F9 /* Debug */,
				2D2AFB541AAAD60000A853F9 /* Release */,
			);
			defaultConfigurationIsVisible = 0;
			defaultConfigurationName = Release;
		};
/* End XCConfigurationList section */
	};
	rootObject = 2D2AFB281AAAD60000A853F9 /* Project object */;
}
